
Microsoft Visual Studio Solution File, Format Version 12.00
# Visual Studio Version 16
VisualStudioVersion = 16.0.32002.261
MinimumVisualStudioVersion = 10.0.40219.1
Project("{FAE04EC0-301F-11D3-BF4B-00C04F79EFBC}") = "Roulette", "Roulette\Roulette.csproj", "{AB52856F-D0D3-4533-89EE-589C80D1DB6D}"
EndProject
Global
	GlobalSection(SolutionConfigurationPlatforms) = preSolution
		Debug|Any CPU = Debug|Any CPU
		Release|Any CPU = Release|Any CPU
	EndGlobalSection
	GlobalSection(ProjectConfigurationPlatforms) = postSolution
		{AB52856F-D0D3-4533-89EE-589C80D1DB6D}.Debug|Any CPU.ActiveCfg = Debug|Any CPU
		{AB52856F-D0D3-4533-89EE-589C80D1DB6D}.Debug|Any CPU.Build.0 = Debug|Any CPU
		{AB52856F-D0D3-4533-89EE-589C80D1DB6D}.Release|Any CPU.ActiveCfg = Release|Any CPU
		{AB52856F-D0D3-4533-89EE-589C80D1DB6D}.Release|Any CPU.Build.0 = Release|Any CPU
	EndGlobalSection
	GlobalSection(SolutionProperties) = preSolution
		HideSolutionNode = FALSE
	EndGlobalSection
	GlobalSection(ExtensibilityGlobals) = postSolution
		SolutionGuid = {729999AD-4F7B-4022-8530-EF9C814F38D2}
	EndGlobalSection
EndGlobal
